
Microsoft Visual Studio Solution File, Format Version 12.00
# Visual Studio Version 16
VisualStudioVersion = 16.0.32126.315
MinimumVisualStudioVersion = 10.0.40219.1
Project("{FAE04EC0-301F-11D3-BF4B-00C04F79EFBC}") = "Overload task", "Overload task\Overload task.csproj", "{DF5BC48B-06C4-4688-8DBC-81B60F4AE9E7}"
EndProject
Global
	GlobalSection(SolutionConfigurationPlatforms) = preSolution
		Debug|Any CPU = Debug|Any CPU
		Release|Any CPU = Release|Any CPU
	EndGlobalSection
	GlobalSection(ProjectConfigurationPlatforms) = postSolution
		{DF5BC48B-06C4-4688-8DBC-81B60F4AE9E7}.Debug|Any CPU.ActiveCfg = Debug|Any CPU
		{DF5BC48B-06C4-4688-8DBC-81B60F4AE9E7}.Debug|Any CPU.Build.0 = Debug|Any CPU
		{DF5BC48B-06C4-4688-8DBC-81B60F4AE9E7}.Release|Any CPU.ActiveCfg = Release|Any CPU
		{DF5BC48B-06C4-4688-8DBC-81B60F4AE9E7}.Release|Any CPU.Build.0 = Release|Any CPU
	EndGlobalSection
	GlobalSection(SolutionProperties) = preSolution
		HideSolutionNode = FALSE
	EndGlobalSection
	GlobalSection(ExtensibilityGlobals) = postSolution
		SolutionGuid = {BA90C715-4355-425E-930A-9EC5BDD53B0A}
	EndGlobalSection
EndGlobal
